
Microsoft Visual Studio Solution File, Format Version 12.00
# Visual Studio Version 17
VisualStudioVersion = 17.2.32616.157
MinimumVisualStudioVersion = 10.0.40219.1
Project("{FAE04EC0-301F-11D3-BF4B-00C04F79EFBC}") = "MobaEsport.WebApp", "MobaEsport.WebApp\MobaEsport.WebApp.csproj", "{A0E38AC8-35A6-4E7E-AA23-20332E904675}"
EndProject
Project("{FAE04EC0-301F-11D3-BF4B-00C04F79EFBC}") = "MoBaEsport.Data", "MoBaEsport.Data\MoBaEsport.Data.csproj", "{E9D3E77E-A1AC-48EA-9F49-ABFFC2BF79A8}"
EndProject
Global
	GlobalSection(SolutionConfigurationPlatforms) = preSolution
		Debug|Any CPU = Debug|Any CPU
		Release|Any CPU = Release|Any CPU
	EndGlobalSection
	GlobalSection(ProjectConfigurationPlatforms) = postSolution
		{A0E38AC8-35A6-4E7E-AA23-20332E904675}.Debug|Any CPU.ActiveCfg = Debug|Any CPU
		{A0E38AC8-35A6-4E7E-AA23-20332E904675}.Debug|Any CPU.Build.0 = Debug|Any CPU
		{A0E38AC8-35A6-4E7E-AA23-20332E904675}.Release|Any CPU.ActiveCfg = Release|Any CPU
		{A0E38AC8-35A6-4E7E-AA23-20332E904675}.Release|Any CPU.Build.0 = Release|Any CPU
		{E9D3E77E-A1AC-48EA-9F49-ABFFC2BF79A8}.Debug|Any CPU.ActiveCfg = Debug|Any CPU
		{E9D3E77E-A1AC-48EA-9F49-ABFFC2BF79A8}.Debug|Any CPU.Build.0 = Debug|Any CPU
		{E9D3E77E-A1AC-48EA-9F49-ABFFC2BF79A8}.Release|Any CPU.ActiveCfg = Release|Any CPU
		{E9D3E77E-A1AC-48EA-9F49-ABFFC2BF79A8}.Release|Any CPU.Build.0 = Release|Any CPU
	EndGlobalSection
	GlobalSection(SolutionProperties) = preSolution
		HideSolutionNode = FALSE
	EndGlobalSection
	GlobalSection(ExtensibilityGlobals) = postSolution
		SolutionGuid = {AB185C41-8D2D-4EE8-8585-D4B8EC95C07A}
	EndGlobalSection
EndGlobal
